
Microsoft Visual Studio Solution File, Format Version 12.00
# Visual Studio 15
VisualStudioVersion = 15.0.28010.2026
MinimumVisualStudioVersion = 10.0.40219.1
Project("{FAE04EC0-301F-11D3-BF4B-00C04F79EFBC}") = "MVC1", "MVC1\MVC1.csproj", "{A678698D-41BD-46FC-B885-AE745F3B0FC0}"
EndProject
Global
	GlobalSection(SolutionConfigurationPlatforms) = preSolution
		Debug|Any CPU = Debug|Any CPU
		Release|Any CPU = Release|Any CPU
	EndGlobalSection
	GlobalSection(ProjectConfigurationPlatforms) = postSolution
		{A678698D-41BD-46FC-B885-AE745F3B0FC0}.Debug|Any CPU.ActiveCfg = Debug|Any CPU
		{A678698D-41BD-46FC-B885-AE745F3B0FC0}.Debug|Any CPU.Build.0 = Debug|Any CPU
		{A678698D-41BD-46FC-B885-AE745F3B0FC0}.Release|Any CPU.ActiveCfg = Release|Any CPU
		{A678698D-41BD-46FC-B885-AE745F3B0FC0}.Release|Any CPU.Build.0 = Release|Any CPU
	EndGlobalSection
	GlobalSection(SolutionProperties) = preSolution
		HideSolutionNode = FALSE
	EndGlobalSection
	GlobalSection(ExtensibilityGlobals) = postSolution
		SolutionGuid = {49571EBB-3100-4C0D-A3DA-5A116F0A87C1}
	EndGlobalSection
EndGlobal
